
Microsoft Visual Studio Solution File, Format Version 10.00
# Visual C++ Express 2008
Project("{8BC9CEB8-8B4A-11D0-8D11-00A0C91BC942}") = "SharpenPlugin", "SharpenPlugin.vcproj", "{71746EA8-7D54-3785-8044-55713FFACA4F}"
EndProject
Global
	GlobalSection(SolutionConfigurationPlatforms) = preSolution
		Debug|Win32 = Debug|Win32
		Release|Win32 = Release|Win32
	EndGlobalSection
	GlobalSection(ProjectConfigurationPlatforms) = postSolution
		{71746EA8-7D54-3785-8044-55713FFACA4F}.Debug|Win32.ActiveCfg = Debug|Win32
		{71746EA8-7D54-3785-8044-55713FFACA4F}.Debug|Win32.Build.0 = Debug|Win32
		{71746EA8-7D54-3785-8044-55713FFACA4F}.Release|Win32.ActiveCfg = Release|Win32
		{71746EA8-7D54-3785-8044-55713FFACA4F}.Release|Win32.Build.0 = Release|Win32
	EndGlobalSection
	GlobalSection(SolutionProperties) = preSolution
		HideSolutionNode = FALSE
	EndGlobalSection
EndGlobal
